
Microsoft Visual Studio Solution File, Format Version 12.00
# Visual Studio Version 17
VisualStudioVersion = 17.11.35312.102
MinimumVisualStudioVersion = 10.0.40219.1
Project("{FAE04EC0-301F-11D3-BF4B-00C04F79EFBC}") = "KoiShopProject.WebApplication", "KoiShopProject.WebApplication\KoiShopProject.WebApplication.csproj", "{8B3B1D3E-8F15-4683-8B10-393C6A919871}"
EndProject
Project("{FAE04EC0-301F-11D3-BF4B-00C04F79EFBC}") = "KoiShopProject.Repositories", "KoiShopProject.Repositories\KoiShopProject.Repositories.csproj", "{9D83BA6D-3DC8-4468-9E36-FDE886FF8116}"
EndProject
Project("{FAE04EC0-301F-11D3-BF4B-00C04F79EFBC}") = "KoiShopProject.Services", "KoiShopProject.Services\KoiShopProject.Services.csproj", "{565A3478-AF9D-4593-84CD-5DDB744B3DA0}"
EndProject
Global
	GlobalSection(SolutionConfigurationPlatforms) = preSolution
		Debug|Any CPU = Debug|Any CPU
		Release|Any CPU = Release|Any CPU
	EndGlobalSection
	GlobalSection(ProjectConfigurationPlatforms) = postSolution
		{8B3B1D3E-8F15-4683-8B10-393C6A919871}.Debug|Any CPU.ActiveCfg = Debug|Any CPU
		{8B3B1D3E-8F15-4683-8B10-393C6A919871}.Debug|Any CPU.Build.0 = Debug|Any CPU
		{8B3B1D3E-8F15-4683-8B10-393C6A919871}.Release|Any CPU.ActiveCfg = Release|Any CPU
		{8B3B1D3E-8F15-4683-8B10-393C6A919871}.Release|Any CPU.Build.0 = Release|Any CPU
		{9D83BA6D-3DC8-4468-9E36-FDE886FF8116}.Debug|Any CPU.ActiveCfg = Debug|Any CPU
		{9D83BA6D-3DC8-4468-9E36-FDE886FF8116}.Debug|Any CPU.Build.0 = Debug|Any CPU
		{9D83BA6D-3DC8-4468-9E36-FDE886FF8116}.Release|Any CPU.ActiveCfg = Release|Any CPU
		{9D83BA6D-3DC8-4468-9E36-FDE886FF8116}.Release|Any CPU.Build.0 = Release|Any CPU
		{565A3478-AF9D-4593-84CD-5DDB744B3DA0}.Debug|Any CPU.ActiveCfg = Debug|Any CPU
		{565A3478-AF9D-4593-84CD-5DDB744B3DA0}.Debug|Any CPU.Build.0 = Debug|Any CPU
		{565A3478-AF9D-4593-84CD-5DDB744B3DA0}.Release|Any CPU.ActiveCfg = Release|Any CPU
		{565A3478-AF9D-4593-84CD-5DDB744B3DA0}.Release|Any CPU.Build.0 = Release|Any CPU
	EndGlobalSection
	GlobalSection(SolutionProperties) = preSolution
		HideSolutionNode = FALSE
	EndGlobalSection
	GlobalSection(ExtensibilityGlobals) = postSolution
		SolutionGuid = {24356534-AC79-4B57-883C-4803EE0F37F4}
	EndGlobalSection
EndGlobal
